
Microsoft Visual Studio Solution File, Format Version 12.00
# Visual Studio Version 16
VisualStudioVersion = 16.0.30204.135
MinimumVisualStudioVersion = 10.0.40219.1
Project("{9A19103F-16F7-4668-BE54-9A1E7A4F7556}") = "HRMSCrypto", "HRMSCrypto.csproj", "{B6EA1B1D-7942-4C19-AD4C-5B6AE3F1DA04}"
EndProject
Global
	GlobalSection(SolutionConfigurationPlatforms) = preSolution
		Debug|Any CPU = Debug|Any CPU
		Release|Any CPU = Release|Any CPU
	EndGlobalSection
	GlobalSection(ProjectConfigurationPlatforms) = postSolution
		{B6EA1B1D-7942-4C19-AD4C-5B6AE3F1DA04}.Debug|Any CPU.ActiveCfg = Debug|Any CPU
		{B6EA1B1D-7942-4C19-AD4C-5B6AE3F1DA04}.Debug|Any CPU.Build.0 = Debug|Any CPU
		{B6EA1B1D-7942-4C19-AD4C-5B6AE3F1DA04}.Release|Any CPU.ActiveCfg = Release|Any CPU
		{B6EA1B1D-7942-4C19-AD4C-5B6AE3F1DA04}.Release|Any CPU.Build.0 = Release|Any CPU
	EndGlobalSection
	GlobalSection(SolutionProperties) = preSolution
		HideSolutionNode = FALSE
	EndGlobalSection
	GlobalSection(ExtensibilityGlobals) = postSolution
		SolutionGuid = {0C3E9D6D-8E14-460C-99DB-80B082C405AA}
	EndGlobalSection
EndGlobal
